// !$*UTF8*$!
{
	archiveVersion = 1;
	classes = {
	};
	objectVersion = 56;
	objects = {

/* Begin PBXBuildFile section */
		1DA4A3FD887450571399DDEC /* Pods_PegadaianTests.framework in Frameworks */ = {isa = PBXBuildFile; fileRef = F8D9BDF96CE880E37A0E0178 /* Pods_PegadaianTests.framework */; };
		3C29D6DD2CA4A58D008AA0E9 /* PGSError.swift in Sources */ = {isa = PBXBuildFile; fileRef = 3C29D6DC2CA4A58D008AA0E9 /* PGSError.swift */; };
		3C29D6DF2CA4C876008AA0E9 /* PegadaianLoginTests.swift in Sources */ = {isa = PBXBuildFile; fileRef = 3C29D6DE2CA4C876008AA0E9 /* PegadaianLoginTests.swift */; };
		3C29D6E22CA4CA31008AA0E9 /* PegadaianLoginMockModule.swift in Sources */ = {isa = PBXBuildFile; fileRef = 3C29D6E12CA4CA31008AA0E9 /* PegadaianLoginMockModule.swift */; };
		3C29D6E52CA4CE47008AA0E9 /* PegadaianLoginUITests.swift in Sources */ = {isa = PBXBuildFile; fileRef = 3C29D6E42CA4CE47008AA0E9 /* PegadaianLoginUITests.swift */; };
		3C646EAF2CA265F5008840B4 /* TestAccessLevel.swift in Sources */ = {isa = PBXBuildFile; fileRef = 3C646EAE2CA265F5008840B4 /* TestAccessLevel.swift */; };
		3C646EB22CA2A08F008840B4 /* OnboardingViewController.swift in Sources */ = {isa = PBXBuildFile; fileRef = 3C646EB12CA2A08F008840B4 /* OnboardingViewController.swift */; };
		3C646EB82CA2B58E008840B4 /* Onboarding+CoreDataClass.swift in Sources */ = {isa = PBXBuildFile; fileRef = 3C646EB62CA2B58E008840B4 /* Onboarding+CoreDataClass.swift */; };
		3C646EB92CA2B58E008840B4 /* Onboarding+CoreDataProperties.swift in Sources */ = {isa = PBXBuildFile; fileRef = 3C646EB72CA2B58E008840B4 /* Onboarding+CoreDataProperties.swift */; };
		3C646EBB2CA2B646008840B4 /* CoreDataHelper.swift in Sources */ = {isa = PBXBuildFile; fileRef = 3C646EBA2CA2B646008840B4 /* CoreDataHelper.swift */; };
		3C646EC62CA3A041008840B4 /* LoginInterfaces.swift in Sources */ = {isa = PBXBuildFile; fileRef = 3C646EC12CA3A041008840B4 /* LoginInterfaces.swift */; };
		3C646EC72CA3A041008840B4 /* LoginPresenter.swift in Sources */ = {isa = PBXBuildFile; fileRef = 3C646EC22CA3A041008840B4 /* LoginPresenter.swift */; };
		3C646EC82CA3A041008840B4 /* LoginViewController.swift in Sources */ = {isa = PBXBuildFile; fileRef = 3C646EC32CA3A041008840B4 /* LoginViewController.swift */; };
		3C646EC92CA3A041008840B4 /* LoginInteractor.swift in Sources */ = {isa = PBXBuildFile; fileRef = 3C646EC42CA3A041008840B4 /* LoginInteractor.swift */; };
		3C646ECA2CA3A041008840B4 /* LoginWireframe.swift in Sources */ = {isa = PBXBuildFile; fileRef = 3C646EC52CA3A041008840B4 /* LoginWireframe.swift */; };
		3C646ED22CA3A0C0008840B4 /* BaseWireframe.swift in Sources */ = {isa = PBXBuildFile; fileRef = 3C646ECB2CA3A0C0008840B4 /* BaseWireframe.swift */; };
		3C646ED32CA3A0C0008840B4 /* InteractorInterface.swift in Sources */ = {isa = PBXBuildFile; fileRef = 3C646ECC2CA3A0C0008840B4 /* InteractorInterface.swift */; };
		3C646ED42CA3A0C0008840B4 /* PresenterInterface.swift in Sources */ = {isa = PBXBuildFile; fileRef = 3C646ECD2CA3A0C0008840B4 /* PresenterInterface.swift */; };
		3C646ED52CA3A0C0008840B4 /* UIStoryboardExtension.swift in Sources */ = {isa = PBXBuildFile; fileRef = 3C646ECE2CA3A0C0008840B4 /* UIStoryboardExtension.swift */; };
		3C646ED62CA3A0C0008840B4 /* ViewInterface.swift in Sources */ = {isa = PBXBuildFile; fileRef = 3C646ECF2CA3A0C0008840B4 /* ViewInterface.swift */; };
		3C646EF42CA3F848008840B4 /* PGSNetwork.swift in Sources */ = {isa = PBXBuildFile; fileRef = 3C646EF32CA3F848008840B4 /* PGSNetwork.swift */; };
		3C646EF62CA4091A008840B4 /* PGSAPI.swift in Sources */ = {isa = PBXBuildFile; fileRef = 3C646EF52CA4091A008840B4 /* PGSAPI.swift */; };
		3C646EF92CA40A19008840B4 /* LoginParam.swift in Sources */ = {isa = PBXBuildFile; fileRef = 3C646EF82CA40A19008840B4 /* LoginParam.swift */; };
		3C646EFC2CA40AED008840B4 /* EncodableExtensions.swift in Sources */ = {isa = PBXBuildFile; fileRef = 3C646EFB2CA40AED008840B4 /* EncodableExtensions.swift */; };
		3C646EFF2CA40CF4008840B4 /* LoginResponse.swift in Sources */ = {isa = PBXBuildFile; fileRef = 3C646EFE2CA40CF4008840B4 /* LoginResponse.swift */; };
		3C646F082CA492BC008840B4 /* HomepageInterfaces.swift in Sources */ = {isa = PBXBuildFile; fileRef = 3C646F032CA492BC008840B4 /* HomepageInterfaces.swift */; };
		3C646F092CA492BC008840B4 /* HomepagePresenter.swift in Sources */ = {isa = PBXBuildFile; fileRef = 3C646F042CA492BC008840B4 /* HomepagePresenter.swift */; };
		3C646F0A2CA492BC008840B4 /* HomepageViewController.swift in Sources */ = {isa = PBXBuildFile; fileRef = 3C646F052CA492BC008840B4 /* HomepageViewController.swift */; };
		3C646F0B2CA492BC008840B4 /* HomepageInteractor.swift in Sources */ = {isa = PBXBuildFile; fileRef = 3C646F062CA492BC008840B4 /* HomepageInteractor.swift */; };
		3C646F0C2CA492BC008840B4 /* HomepageWireframe.swift in Sources */ = {isa = PBXBuildFile; fileRef = 3C646F072CA492BC008840B4 /* HomepageWireframe.swift */; };
		3C646F0F2CA494EA008840B4 /* User.swift in Sources */ = {isa = PBXBuildFile; fileRef = 3C646F0E2CA494EA008840B4 /* User.swift */; };
		3C646F122CA4981E008840B4 /* PGSKeychain.swift in Sources */ = {isa = PBXBuildFile; fileRef = 3C646F112CA4981E008840B4 /* PGSKeychain.swift */; };
		3C7AC7EA2CA51CF400D797A7 /* BaseViewController.swift in Sources */ = {isa = PBXBuildFile; fileRef = 3C7AC7E92CA51CF400D797A7 /* BaseViewController.swift */; };
		3C980BB02C6A55C10072A728 /* AppDelegate.swift in Sources */ = {isa = PBXBuildFile; fileRef = 3C980BAF2C6A55C10072A728 /* AppDelegate.swift */; };
		3C980BB42C6A55C10072A728 /* ViewController.swift in Sources */ = {isa = PBXBuildFile; fileRef = 3C980BB32C6A55C10072A728 /* ViewController.swift */; };
		3C980BBA2C6A55C10072A728 /* Pegadaian.xcdatamodeld in Sources */ = {isa = PBXBuildFile; fileRef = 3C980BB82C6A55C10072A728 /* Pegadaian.xcdatamodeld */; };
		3C980BBC2C6A55C30072A728 /* Assets.xcassets in Resources */ = {isa = PBXBuildFile; fileRef = 3C980BBB2C6A55C30072A728 /* Assets.xcassets */; };
		3C980BBF2C6A55C30072A728 /* Base in Resources */ = {isa = PBXBuildFile; fileRef = 3C980BBE2C6A55C30072A728 /* Base */; };
		3C980BCA2C6A55C30072A728 /* PegadaianTests.swift in Sources */ = {isa = PBXBuildFile; fileRef = 3C980BC92C6A55C30072A728 /* PegadaianTests.swift */; };
		3C980BD42C6A55C30072A728 /* PegadaianUITests.swift in Sources */ = {isa = PBXBuildFile; fileRef = 3C980BD32C6A55C30072A728 /* PegadaianUITests.swift */; };
		3C980BD62C6A55C30072A728 /* PegadaianUITestsLaunchTests.swift in Sources */ = {isa = PBXBuildFile; fileRef = 3C980BD52C6A55C30072A728 /* PegadaianUITestsLaunchTests.swift */; };
		41C68C1BA60B7E26E2DDFD02 /* Pods_Pegadaian_PegadaianUITests.framework in Frameworks */ = {isa = PBXBuildFile; fileRef = 95BFCD5E6BE6B5DC773CD07E /* Pods_Pegadaian_PegadaianUITests.framework */; };
		768D13918ECBD9E95A731432 /* Pods_Pegadaian.framework in Frameworks */ = {isa = PBXBuildFile; fileRef = BA16141454E028243D3C54B1 /* Pods_Pegadaian.framework */; };
/* End PBXBuildFile section */

/* Begin PBXContainerItemProxy section */
		3C980BC62C6A55C30072A728 /* PBXContainerItemProxy */ = {
			isa = PBXContainerItemProxy;
			containerPortal = 3C980BA42C6A55C10072A728 /* Project object */;
			proxyType = 1;
			remoteGlobalIDString = 3C980BAB2C6A55C10072A728;
			remoteInfo = Pegadaian;
		};
		3C980BD02C6A55C30072A728 /* PBXContainerItemProxy */ = {
			isa = PBXContainerItemProxy;
			containerPortal = 3C980BA42C6A55C10072A728 /* Project object */;
			proxyType = 1;
			remoteGlobalIDString = 3C980BAB2C6A55C10072A728;
			remoteInfo = Pegadaian;
		};
/* End PBXContainerItemProxy section */

/* Begin PBXFileReference section */
		02E7F68D07349C2EBD899CE4 /* Pods-Pegadaian-PegadaianUITests.debug.xcconfig */ = {isa = PBXFileReference; includeInIndex = 1; lastKnownFileType = text.xcconfig; name = "Pods-Pegadaian-PegadaianUITests.debug.xcconfig"; path = "Target Support Files/Pods-Pegadaian-PegadaianUITests/Pods-Pegadaian-PegadaianUITests.debug.xcconfig"; sourceTree = "<group>"; };
		2C18F2E41966A4544E114F33 /* Pods-Pegadaian.release.xcconfig */ = {isa = PBXFileReference; includeInIndex = 1; lastKnownFileType = text.xcconfig; name = "Pods-Pegadaian.release.xcconfig"; path = "Target Support Files/Pods-Pegadaian/Pods-Pegadaian.release.xcconfig"; sourceTree = "<group>"; };
		35269EB127BB442C367CF64B /* Pods-PegadaianTests.debug.xcconfig */ = {isa = PBXFileReference; includeInIndex = 1; lastKnownFileType = text.xcconfig; name = "Pods-PegadaianTests.debug.xcconfig"; path = "Target Support Files/Pods-PegadaianTests/Pods-PegadaianTests.debug.xcconfig"; sourceTree = "<group>"; };
		3C29D6DC2CA4A58D008AA0E9 /* PGSError.swift */ = {isa = PBXFileReference; lastKnownFileType = sourcecode.swift; path = PGSError.swift; sourceTree = "<group>"; };
		3C29D6DE2CA4C876008AA0E9 /* PegadaianLoginTests.swift */ = {isa = PBXFileReference; lastKnownFileType = sourcecode.swift; path = PegadaianLoginTests.swift; sourceTree = "<group>"; };
		3C29D6E12CA4CA31008AA0E9 /* PegadaianLoginMockModule.swift */ = {isa = PBXFileReference; lastKnownFileType = sourcecode.swift; path = PegadaianLoginMockModule.swift; sourceTree = "<group>"; };
		3C29D6E42CA4CE47008AA0E9 /* PegadaianLoginUITests.swift */ = {isa = PBXFileReference; lastKnownFileType = sourcecode.swift; path = PegadaianLoginUITests.swift; sourceTree = "<group>"; };
		3C646EAE2CA265F5008840B4 /* TestAccessLevel.swift */ = {isa = PBXFileReference; lastKnownFileType = sourcecode.swift; path = TestAccessLevel.swift; sourceTree = "<group>"; };
		3C646EB02CA26E22008840B4 /* MyPlayground.playground */ = {isa = PBXFileReference; lastKnownFileType = file.playground; path = MyPlayground.playground; sourceTree = "<group>"; xcLanguageSpecificationIdentifier = xcode.lang.swift; };
		3C646EB12CA2A08F008840B4 /* OnboardingViewController.swift */ = {isa = PBXFileReference; lastKnownFileType = sourcecode.swift; path = OnboardingViewController.swift; sourceTree = "<group>"; };
		3C646EB62CA2B58E008840B4 /* Onboarding+CoreDataClass.swift */ = {isa = PBXFileReference; lastKnownFileType = sourcecode.swift; path = "Onboarding+CoreDataClass.swift"; sourceTree = "<group>"; };
		3C646EB72CA2B58E008840B4 /* Onboarding+CoreDataProperties.swift */ = {isa = PBXFileReference; lastKnownFileType = sourcecode.swift; path = "Onboarding+CoreDataProperties.swift"; sourceTree = "<group>"; };
		3C646EBA2CA2B646008840B4 /* CoreDataHelper.swift */ = {isa = PBXFileReference; lastKnownFileType = sourcecode.swift; path = CoreDataHelper.swift; sourceTree = "<group>"; };
		3C646EC12CA3A041008840B4 /* LoginInterfaces.swift */ = {isa = PBXFileReference; lastKnownFileType = sourcecode.swift; path = LoginInterfaces.swift; sourceTree = "<group>"; };
		3C646EC22CA3A041008840B4 /* LoginPresenter.swift */ = {isa = PBXFileReference; lastKnownFileType = sourcecode.swift; path = LoginPresenter.swift; sourceTree = "<group>"; };
		3C646EC32CA3A041008840B4 /* LoginViewController.swift */ = {isa = PBXFileReference; lastKnownFileType = sourcecode.swift; path = LoginViewController.swift; sourceTree = "<group>"; };
		3C646EC42CA3A041008840B4 /* LoginInteractor.swift */ = {isa = PBXFileReference; lastKnownFileType = sourcecode.swift; path = LoginInteractor.swift; sourceTree = "<group>"; };
		3C646EC52CA3A041008840B4 /* LoginWireframe.swift */ = {isa = PBXFileReference; lastKnownFileType = sourcecode.swift; path = LoginWireframe.swift; sourceTree = "<group>"; };
		3C646ECB2CA3A0C0008840B4 /* BaseWireframe.swift */ = {isa = PBXFileReference; fileEncoding = 4; lastKnownFileType = sourcecode.swift; path = BaseWireframe.swift; sourceTree = "<group>"; };
		3C646ECC2CA3A0C0008840B4 /* InteractorInterface.swift */ = {isa = PBXFileReference; fileEncoding = 4; lastKnownFileType = sourcecode.swift; path = InteractorInterface.swift; sourceTree = "<group>"; };
		3C646ECD2CA3A0C0008840B4 /* PresenterInterface.swift */ = {isa = PBXFileReference; fileEncoding = 4; lastKnownFileType = sourcecode.swift; path = PresenterInterface.swift; sourceTree = "<group>"; };
		3C646ECE2CA3A0C0008840B4 /* UIStoryboardExtension.swift */ = {isa = PBXFileReference; fileEncoding = 4; lastKnownFileType = sourcecode.swift; path = UIStoryboardExtension.swift; sourceTree = "<group>"; };
		3C646ECF2CA3A0C0008840B4 /* ViewInterface.swift */ = {isa = PBXFileReference; fileEncoding = 4; lastKnownFileType = sourcecode.swift; path = ViewInterface.swift; sourceTree = "<group>"; };
		3C646EF32CA3F848008840B4 /* PGSNetwork.swift */ = {isa = PBXFileReference; lastKnownFileType = sourcecode.swift; path = PGSNetwork.swift; sourceTree = "<group>"; };
		3C646EF52CA4091A008840B4 /* PGSAPI.swift */ = {isa = PBXFileReference; lastKnownFileType = sourcecode.swift; path = PGSAPI.swift; sourceTree = "<group>"; };
		3C646EF82CA40A19008840B4 /* LoginParam.swift */ = {isa = PBXFileReference; lastKnownFileType = sourcecode.swift; path = LoginParam.swift; sourceTree = "<group>"; };
		3C646EFB2CA40AED008840B4 /* EncodableExtensions.swift */ = {isa = PBXFileReference; lastKnownFileType = sourcecode.swift; path = EncodableExtensions.swift; sourceTree = "<group>"; };
		3C646EFE2CA40CF4008840B4 /* LoginResponse.swift */ = {isa = PBXFileReference; lastKnownFileType = sourcecode.swift; path = LoginResponse.swift; sourceTree = "<group>"; };
		3C646F032CA492BC008840B4 /* HomepageInterfaces.swift */ = {isa = PBXFileReference; lastKnownFileType = sourcecode.swift; path = HomepageInterfaces.swift; sourceTree = "<group>"; };
		3C646F042CA492BC008840B4 /* HomepagePresenter.swift */ = {isa = PBXFileReference; lastKnownFileType = sourcecode.swift; path = HomepagePresenter.swift; sourceTree = "<group>"; };
		3C646F052CA492BC008840B4 /* HomepageViewController.swift */ = {isa = PBXFileReference; lastKnownFileType = sourcecode.swift; path = HomepageViewController.swift; sourceTree = "<group>"; };
		3C646F062CA492BC008840B4 /* HomepageInteractor.swift */ = {isa = PBXFileReference; lastKnownFileType = sourcecode.swift; path = HomepageInteractor.swift; sourceTree = "<group>"; };
		3C646F072CA492BC008840B4 /* HomepageWireframe.swift */ = {isa = PBXFileReference; lastKnownFileType = sourcecode.swift; path = HomepageWireframe.swift; sourceTree = "<group>"; };
		3C646F0E2CA494EA008840B4 /* User.swift */ = {isa = PBXFileReference; lastKnownFileType = sourcecode.swift; path = User.swift; sourceTree = "<group>"; };
		3C646F112CA4981E008840B4 /* PGSKeychain.swift */ = {isa = PBXFileReference; lastKnownFileType = sourcecode.swift; path = PGSKeychain.swift; sourceTree = "<group>"; };
		3C7AC7E92CA51CF400D797A7 /* BaseViewController.swift */ = {isa = PBXFileReference; lastKnownFileType = sourcecode.swift; path = BaseViewController.swift; sourceTree = "<group>"; };
		3C980BAC2C6A55C10072A728 /* Pegadaian.app */ = {isa = PBXFileReference; explicitFileType = wrapper.application; includeInIndex = 0; path = Pegadaian.app; sourceTree = BUILT_PRODUCTS_DIR; };
		3C980BAF2C6A55C10072A728 /* AppDelegate.swift */ = {isa = PBXFileReference; lastKnownFileType = sourcecode.swift; path = AppDelegate.swift; sourceTree = "<group>"; };
		3C980BB32C6A55C10072A728 /* ViewController.swift */ = {isa = PBXFileReference; lastKnownFileType = sourcecode.swift; path = ViewController.swift; sourceTree = "<group>"; };
		3C980BB92C6A55C10072A728 /* Pegadaian.xcdatamodel */ = {isa = PBXFileReference; lastKnownFileType = wrapper.xcdatamodel; path = Pegadaian.xcdatamodel; sourceTree = "<group>"; };
		3C980BBB2C6A55C30072A728 /* Assets.xcassets */ = {isa = PBXFileReference; lastKnownFileType = folder.assetcatalog; path = Assets.xcassets; sourceTree = "<group>"; };
		3C980BBE2C6A55C30072A728 /* Base */ = {isa = PBXFileReference; lastKnownFileType = file.storyboard; name = Base; path = Base.lproj/LaunchScreen.storyboard; sourceTree = "<group>"; };
		3C980BC02C6A55C30072A728 /* Info.plist */ = {isa = PBXFileReference; lastKnownFileType = text.plist.xml; path = Info.plist; sourceTree = "<group>"; };
		3C980BC52C6A55C30072A728 /* PegadaianTests.xctest */ = {isa = PBXFileReference; explicitFileType = wrapper.cfbundle; includeInIndex = 0; path = PegadaianTests.xctest; sourceTree = BUILT_PRODUCTS_DIR; };
		3C980BC92C6A55C30072A728 /* PegadaianTests.swift */ = {isa = PBXFileReference; lastKnownFileType = sourcecode.swift; path = PegadaianTests.swift; sourceTree = "<group>"; };
		3C980BCF2C6A55C30072A728 /* PegadaianUITests.xctest */ = {isa = PBXFileReference; explicitFileType = wrapper.cfbundle; includeInIndex = 0; path = PegadaianUITests.xctest; sourceTree = BUILT_PRODUCTS_DIR; };
		3C980BD32C6A55C30072A728 /* PegadaianUITests.swift */ = {isa = PBXFileReference; lastKnownFileType = sourcecode.swift; path = PegadaianUITests.swift; sourceTree = "<group>"; };
		3C980BD52C6A55C30072A728 /* PegadaianUITestsLaunchTests.swift */ = {isa = PBXFileReference; lastKnownFileType = sourcecode.swift; path = PegadaianUITestsLaunchTests.swift; sourceTree = "<group>"; };
		46D2888AA8181061EBCE9EC5 /* Pods-Pegadaian-PegadaianUITests.release.xcconfig */ = {isa = PBXFileReference; includeInIndex = 1; lastKnownFileType = text.xcconfig; name = "Pods-Pegadaian-PegadaianUITests.release.xcconfig"; path = "Target Support Files/Pods-Pegadaian-PegadaianUITests/Pods-Pegadaian-PegadaianUITests.release.xcconfig"; sourceTree = "<group>"; };
		95BFCD5E6BE6B5DC773CD07E /* Pods_Pegadaian_PegadaianUITests.framework */ = {isa = PBXFileReference; explicitFileType = wrapper.framework; includeInIndex = 0; path = Pods_Pegadaian_PegadaianUITests.framework; sourceTree = BUILT_PRODUCTS_DIR; };
		BA16141454E028243D3C54B1 /* Pods_Pegadaian.framework */ = {isa = PBXFileReference; explicitFileType = wrapper.framework; includeInIndex = 0; path = Pods_Pegadaian.framework; sourceTree = BUILT_PRODUCTS_DIR; };
		D3021D862F39F4D0A1BDA838 /* Pods-PegadaianTests.release.xcconfig */ = {isa = PBXFileReference; includeInIndex = 1; lastKnownFileType = text.xcconfig; name = "Pods-PegadaianTests.release.xcconfig"; path = "Target Support Files/Pods-PegadaianTests/Pods-PegadaianTests.release.xcconfig"; sourceTree = "<group>"; };
		D3A6CD15009D60231776F02C /* Pods-Pegadaian.debug.xcconfig */ = {isa = PBXFileReference; includeInIndex = 1; lastKnownFileType = text.xcconfig; name = "Pods-Pegadaian.debug.xcconfig"; path = "Target Support Files/Pods-Pegadaian/Pods-Pegadaian.debug.xcconfig"; sourceTree = "<group>"; };
		F8D9BDF96CE880E37A0E0178 /* Pods_PegadaianTests.framework */ = {isa = PBXFileReference; explicitFileType = wrapper.framework; includeInIndex = 0; path = Pods_PegadaianTests.framework; sourceTree = BUILT_PRODUCTS_DIR; };
/* End PBXFileReference section */

/* Begin PBXFrameworksBuildPhase section */
		3C980BA92C6A55C10072A728 /* Frameworks */ = {
			isa = PBXFrameworksBuildPhase;
			buildActionMask = 2147483647;
			files = (
				768D13918ECBD9E95A731432 /* Pods_Pegadaian.framework in Frameworks */,
			);
			runOnlyForDeploymentPostprocessing = 0;
		};
		3C980BC22C6A55C30072A728 /* Frameworks */ = {
			isa = PBXFrameworksBuildPhase;
			buildActionMask = 2147483647;
			files = (
				1DA4A3FD887450571399DDEC /* Pods_PegadaianTests.framework in Frameworks */,
			);
			runOnlyForDeploymentPostprocessing = 0;
		};
		3C980BCC2C6A55C30072A728 /* Frameworks */ = {
			isa = PBXFrameworksBuildPhase;
			buildActionMask = 2147483647;
			files = (
				41C68C1BA60B7E26E2DDFD02 /* Pods_Pegadaian_PegadaianUITests.framework in Frameworks */,
			);
			runOnlyForDeploymentPostprocessing = 0;
		};
/* End PBXFrameworksBuildPhase section */

/* Begin PBXGroup section */
		3C29D6DB2CA4A574008AA0E9 /* Constants */ = {
			isa = PBXGroup;
			children = (
				3C29D6DC2CA4A58D008AA0E9 /* PGSError.swift */,
			);
			path = Constants;
			sourceTree = "<group>";
		};
		3C29D6E02CA4C97C008AA0E9 /* Login */ = {
			isa = PBXGroup;
			children = (
				3C29D6DE2CA4C876008AA0E9 /* PegadaianLoginTests.swift */,
				3C29D6E12CA4CA31008AA0E9 /* PegadaianLoginMockModule.swift */,
			);
			path = Login;
			sourceTree = "<group>";
		};
		3C29D6E32CA4CE25008AA0E9 /* Login */ = {
			isa = PBXGroup;
			children = (
				3C29D6E42CA4CE47008AA0E9 /* PegadaianLoginUITests.swift */,
			);
			path = Login;
			sourceTree = "<group>";
		};
		3C646EB52CA2B422008840B4 /* CoreData */ = {
			isa = PBXGroup;
			children = (
				3C646EB62CA2B58E008840B4 /* Onboarding+CoreDataClass.swift */,
				3C646EB72CA2B58E008840B4 /* Onboarding+CoreDataProperties.swift */,
				3C980BB82C6A55C10072A728 /* Pegadaian.xcdatamodeld */,
				3C646EBA2CA2B646008840B4 /* CoreDataHelper.swift */,
			);
			path = CoreData;
			sourceTree = "<group>";
		};
		3C646EBC2CA36CA5008840B4 /* SupportingFiles */ = {
			isa = PBXGroup;
			children = (
				3C980BBB2C6A55C30072A728 /* Assets.xcassets */,
				3C980BBD2C6A55C30072A728 /* LaunchScreen.storyboard */,
				3C980BC02C6A55C30072A728 /* Info.plist */,
			);
			path = SupportingFiles;
			sourceTree = "<group>";
		};
		3C646EBE2CA36CF1008840B4 /* App */ = {
			isa = PBXGroup;
			children = (
				3C980BAF2C6A55C10072A728 /* AppDelegate.swift */,
			);
			path = App;
			sourceTree = "<group>";
		};
		3C646EBF2CA3A01E008840B4 /* Modules */ = {
			isa = PBXGroup;
			children = (
				3C646ED12CA3A0C0008840B4 /* Base */,
				3C646F022CA492A4008840B4 /* Homepage */,
				3C646EC02CA3A02A008840B4 /* Login */,
			);
			path = Modules;
			sourceTree = "<group>";
		};
		3C646EC02CA3A02A008840B4 /* Login */ = {
			isa = PBXGroup;
			children = (
				3C646EC12CA3A041008840B4 /* LoginInterfaces.swift */,
				3C646EC22CA3A041008840B4 /* LoginPresenter.swift */,
				3C646EC32CA3A041008840B4 /* LoginViewController.swift */,
				3C646EC42CA3A041008840B4 /* LoginInteractor.swift */,
				3C646EC52CA3A041008840B4 /* LoginWireframe.swift */,
			);
			path = Login;
			sourceTree = "<group>";
		};
		3C646ED02CA3A0C0008840B4 /* Viper */ = {
			isa = PBXGroup;
			children = (
				3C646ECB2CA3A0C0008840B4 /* BaseWireframe.swift */,
				3C646ECC2CA3A0C0008840B4 /* InteractorInterface.swift */,
				3C646ECD2CA3A0C0008840B4 /* PresenterInterface.swift */,
				3C646ECE2CA3A0C0008840B4 /* UIStoryboardExtension.swift */,
				3C646ECF2CA3A0C0008840B4 /* ViewInterface.swift */,
			);
			path = Viper;
			sourceTree = "<group>";
		};
		3C646ED12CA3A0C0008840B4 /* Base */ = {
			isa = PBXGroup;
			children = (
				3C646ED02CA3A0C0008840B4 /* Viper */,
				3C7AC7E92CA51CF400D797A7 /* BaseViewController.swift */,
			);
			path = Base;
			sourceTree = "<group>";
		};
		3C646EF22CA3F81B008840B4 /* Network */ = {
			isa = PBXGroup;
			children = (
				3C646EFD2CA40CE6008840B4 /* Responses */,
				3C646EF72CA40A07008840B4 /* Params */,
				3C646EF32CA3F848008840B4 /* PGSNetwork.swift */,
				3C646EF52CA4091A008840B4 /* PGSAPI.swift */,
			);
			path = Network;
			sourceTree = "<group>";
		};
		3C646EF72CA40A07008840B4 /* Params */ = {
			isa = PBXGroup;
			children = (
				3C646EF82CA40A19008840B4 /* LoginParam.swift */,
			);
			path = Params;
			sourceTree = "<group>";
		};
		3C646EFA2CA40ADA008840B4 /* Extensions */ = {
			isa = PBXGroup;
			children = (
				3C646EFB2CA40AED008840B4 /* EncodableExtensions.swift */,
			);
			path = Extensions;
			sourceTree = "<group>";
		};
		3C646EFD2CA40CE6008840B4 /* Responses */ = {
			isa = PBXGroup;
			children = (
				3C646EFE2CA40CF4008840B4 /* LoginResponse.swift */,
			);
			path = Responses;
			sourceTree = "<group>";
		};
		3C646F002CA4919D008840B4 /* Data */ = {
			isa = PBXGroup;
			children = (
				3C646EB52CA2B422008840B4 /* CoreData */,
				3C646F0D2CA494D5008840B4 /* Entities */,
				3C646F102CA49802008840B4 /* Keychain */,
			);
			path = Data;
			sourceTree = "<group>";
		};
		3C646F012CA491AD008840B4 /* Helper */ = {
			isa = PBXGroup;
			children = (
				3C646EFA2CA40ADA008840B4 /* Extensions */,
			);
			path = Helper;
			sourceTree = "<group>";
		};
		3C646F022CA492A4008840B4 /* Homepage */ = {
			isa = PBXGroup;
			children = (
				3C646F032CA492BC008840B4 /* HomepageInterfaces.swift */,
				3C646F042CA492BC008840B4 /* HomepagePresenter.swift */,
				3C646F052CA492BC008840B4 /* HomepageViewController.swift */,
				3C646F062CA492BC008840B4 /* HomepageInteractor.swift */,
				3C646F072CA492BC008840B4 /* HomepageWireframe.swift */,
			);
			path = Homepage;
			sourceTree = "<group>";
		};
		3C646F0D2CA494D5008840B4 /* Entities */ = {
			isa = PBXGroup;
			children = (
				3C646F0E2CA494EA008840B4 /* User.swift */,
			);
			path = Entities;
			sourceTree = "<group>";
		};
		3C646F102CA49802008840B4 /* Keychain */ = {
			isa = PBXGroup;
			children = (
				3C646F112CA4981E008840B4 /* PGSKeychain.swift */,
			);
			path = Keychain;
			sourceTree = "<group>";
		};
		3C980BA32C6A55C10072A728 = {
			isa = PBXGroup;
			children = (
				3C646EB02CA26E22008840B4 /* MyPlayground.playground */,
				3C980BAE2C6A55C10072A728 /* Pegadaian */,
				3C980BC82C6A55C30072A728 /* PegadaianTests */,
				3C980BD22C6A55C30072A728 /* PegadaianUITests */,
				3C980BAD2C6A55C10072A728 /* Products */,
				A36C68978B3E681433D965B4 /* Pods */,
				6073F13396CCE3EC62A140EA /* Frameworks */,
			);
			sourceTree = "<group>";
		};
		3C980BAD2C6A55C10072A728 /* Products */ = {
			isa = PBXGroup;
			children = (
				3C980BAC2C6A55C10072A728 /* Pegadaian.app */,
				3C980BC52C6A55C30072A728 /* PegadaianTests.xctest */,
				3C980BCF2C6A55C30072A728 /* PegadaianUITests.xctest */,
			);
			name = Products;
			sourceTree = "<group>";
		};
		3C980BAE2C6A55C10072A728 /* Pegadaian */ = {
			isa = PBXGroup;
			children = (
				3C646EB12CA2A08F008840B4 /* OnboardingViewController.swift */,
				3C646EAE2CA265F5008840B4 /* TestAccessLevel.swift */,
				3C980BB32C6A55C10072A728 /* ViewController.swift */,
				3C646EBE2CA36CF1008840B4 /* App */,
				3C29D6DB2CA4A574008AA0E9 /* Constants */,
				3C646F002CA4919D008840B4 /* Data */,
				3C646F012CA491AD008840B4 /* Helper */,
				3C646EBF2CA3A01E008840B4 /* Modules */,
				3C646EF22CA3F81B008840B4 /* Network */,
				3C646EBC2CA36CA5008840B4 /* SupportingFiles */,
			);
			path = Pegadaian;
			sourceTree = "<group>";
		};
		3C980BC82C6A55C30072A728 /* PegadaianTests */ = {
			isa = PBXGroup;
			children = (
				3C29D6E02CA4C97C008AA0E9 /* Login */,
				3C980BC92C6A55C30072A728 /* PegadaianTests.swift */,
			);
			path = PegadaianTests;
			sourceTree = "<group>";
		};
		3C980BD22C6A55C30072A728 /* PegadaianUITests */ = {
			isa = PBXGroup;
			children = (
				3C29D6E32CA4CE25008AA0E9 /* Login */,
				3C980BD32C6A55C30072A728 /* PegadaianUITests.swift */,
				3C980BD52C6A55C30072A728 /* PegadaianUITestsLaunchTests.swift */,
			);
			path = PegadaianUITests;
			sourceTree = "<group>";
		};
		6073F13396CCE3EC62A140EA /* Frameworks */ = {
			isa = PBXGroup;
			children = (
				BA16141454E028243D3C54B1 /* Pods_Pegadaian.framework */,
				95BFCD5E6BE6B5DC773CD07E /* Pods_Pegadaian_PegadaianUITests.framework */,
				F8D9BDF96CE880E37A0E0178 /* Pods_PegadaianTests.framework */,
			);
			name = Frameworks;
			sourceTree = "<group>";
		};
		A36C68978B3E681433D965B4 /* Pods */ = {
			isa = PBXGroup;
			children = (
				D3A6CD15009D60231776F02C /* Pods-Pegadaian.debug.xcconfig */,
				2C18F2E41966A4544E114F33 /* Pods-Pegadaian.release.xcconfig */,
				02E7F68D07349C2EBD899CE4 /* Pods-Pegadaian-PegadaianUITests.debug.xcconfig */,
				46D2888AA8181061EBCE9EC5 /* Pods-Pegadaian-PegadaianUITests.release.xcconfig */,
				35269EB127BB442C367CF64B /* Pods-PegadaianTests.debug.xcconfig */,
				D3021D862F39F4D0A1BDA838 /* Pods-PegadaianTests.release.xcconfig */,
			);
			path = Pods;
			sourceTree = "<group>";
		};
/* End PBXGroup section */

/* Begin PBXNativeTarget section */
		3C980BAB2C6A55C10072A728 /* Pegadaian */ = {
			isa = PBXNativeTarget;
			buildConfigurationList = 3C980BD92C6A55C30072A728 /* Build configuration list for PBXNativeTarget "Pegadaian" */;
			buildPhases = (
				9D359832A015FF76888BA5CA /* [CP] Check Pods Manifest.lock */,
				3C980BA82C6A55C10072A728 /* Sources */,
				3C980BA92C6A55C10072A728 /* Frameworks */,
				3C980BAA2C6A55C10072A728 /* Resources */,
				D68BFF05D6685631E9376A33 /* [CP] Embed Pods Frameworks */,
			);
			buildRules = (
			);
			dependencies = (
			);
			name = Pegadaian;
			productName = Pegadaian;
			productReference = 3C980BAC2C6A55C10072A728 /* Pegadaian.app */;
			productType = "com.apple.product-type.application";
		};
		3C980BC42C6A55C30072A728 /* PegadaianTests */ = {
			isa = PBXNativeTarget;
			buildConfigurationList = 3C980BDC2C6A55C30072A728 /* Build configuration list for PBXNativeTarget "PegadaianTests" */;
			buildPhases = (
				122953BFD163CE7C01EF12CF /* [CP] Check Pods Manifest.lock */,
				3C980BC12C6A55C30072A728 /* Sources */,
				3C980BC22C6A55C30072A728 /* Frameworks */,
				3C980BC32C6A55C30072A728 /* Resources */,
			);
			buildRules = (
			);
			dependencies = (
				3C980BC72C6A55C30072A728 /* PBXTargetDependency */,
			);
			name = PegadaianTests;
			productName = PegadaianTests;
			productReference = 3C980BC52C6A55C30072A728 /* PegadaianTests.xctest */;
			productType = "com.apple.product-type.bundle.unit-test";
		};
		3C980BCE2C6A55C30072A728 /* PegadaianUITests */ = {
			isa = PBXNativeTarget;
			buildConfigurationList = 3C980BDF2C6A55C30072A728 /* Build configuration list for PBXNativeTarget "PegadaianUITests" */;
			buildPhases = (
				77A870DA94575FEE4BB4DB9F /* [CP] Check Pods Manifest.lock */,
				3C980BCB2C6A55C30072A728 /* Sources */,
				3C980BCC2C6A55C30072A728 /* Frameworks */,
				3C980BCD2C6A55C30072A728 /* Resources */,
				A1FE56223DAF392E1D2FF9D0 /* [CP] Embed Pods Frameworks */,
			);
			buildRules = (
			);
			dependencies = (
				3C980BD12C6A55C30072A728 /* PBXTargetDependency */,
			);
			name = PegadaianUITests;
			productName = PegadaianUITests;
			productReference = 3C980BCF2C6A55C30072A728 /* PegadaianUITests.xctest */;
			productType = "com.apple.product-type.bundle.ui-testing";
		};
/* End PBXNativeTarget section */

/* Begin PBXProject section */
		3C980BA42C6A55C10072A728 /* Project object */ = {
			isa = PBXProject;
			attributes = {
				BuildIndependentTargetsInParallel = 1;
				LastSwiftUpdateCheck = 1540;
				LastUpgradeCheck = 1540;
				TargetAttributes = {
					3C980BAB2C6A55C10072A728 = {
						CreatedOnToolsVersion = 15.4;
					};
					3C980BC42C6A55C30072A728 = {
						CreatedOnToolsVersion = 15.4;
						TestTargetID = 3C980BAB2C6A55C10072A728;
					};
					3C980BCE2C6A55C30072A728 = {
						CreatedOnToolsVersion = 15.4;
						TestTargetID = 3C980BAB2C6A55C10072A728;
					};
				};
			};
			buildConfigurationList = 3C980BA72C6A55C10072A728 /* Build configuration list for PBXProject "Pegadaian" */;
			compatibilityVersion = "Xcode 14.0";
			developmentRegion = en;
			hasScannedForEncodings = 0;
			knownRegions = (
				en,
				Base,
			);
			mainGroup = 3C980BA32C6A55C10072A728;
			productRefGroup = 3C980BAD2C6A55C10072A728 /* Products */;
			projectDirPath = "";
			projectRoot = "";
			targets = (
				3C980BAB2C6A55C10072A728 /* Pegadaian */,
				3C980BC42C6A55C30072A728 /* PegadaianTests */,
				3C980BCE2C6A55C30072A728 /* PegadaianUITests */,
			);
		};
/* End PBXProject section */

/* Begin PBXResourcesBuildPhase section */
		3C980BAA2C6A55C10072A728 /* Resources */ = {
			isa = PBXResourcesBuildPhase;
			buildActionMask = 2147483647;
			files = (
				3C980BBC2C6A55C30072A728 /* Assets.xcassets in Resources */,
				3C980BBF2C6A55C30072A728 /* Base in Resources */,
			);
			runOnlyForDeploymentPostprocessing = 0;
		};
		3C980BC32C6A55C30072A728 /* Resources */ = {
			isa = PBXResourcesBuildPhase;
			buildActionMask = 2147483647;
			files = (
			);
			runOnlyForDeploymentPostprocessing = 0;
		};
		3C980BCD2C6A55C30072A728 /* Resources */ = {
			isa = PBXResourcesBuildPhase;
			buildActionMask = 2147483647;
			files = (
			);
			runOnlyForDeploymentPostprocessing = 0;
		};
/* End PBXResourcesBuildPhase section */

/* Begin PBXShellScriptBuildPhase section */
		122953BFD163CE7C01EF12CF /* [CP] Check Pods Manifest.lock */ = {
			isa = PBXShellScriptBuildPhase;
			buildActionMask = 2147483647;
			files = (
			);
			inputFileListPaths = (
			);
			inputPaths = (
				"${PODS_PODFILE_DIR_PATH}/Podfile.lock",
				"${PODS_ROOT}/Manifest.lock",
			);
			name = "[CP] Check Pods Manifest.lock";
			outputFileListPaths = (
			);
			outputPaths = (
				"$(DERIVED_FILE_DIR)/Pods-PegadaianTests-checkManifestLockResult.txt",
			);
			runOnlyForDeploymentPostprocessing = 0;
			shellPath = /bin/sh;
			shellScript = "diff \"${PODS_PODFILE_DIR_PATH}/Podfile.lock\" \"${PODS_ROOT}/Manifest.lock\" > /dev/null\nif [ $? != 0 ] ; then\n    # print error to STDERR\n    echo \"error: The sandbox is not in sync with the Podfile.lock. Run 'pod install' or update your CocoaPods installation.\" >&2\n    exit 1\nfi\n# This output is used by Xcode 'outputs' to avoid re-running this script phase.\necho \"SUCCESS\" > \"${SCRIPT_OUTPUT_FILE_0}\"\n";
			showEnvVarsInLog = 0;
		};
		77A870DA94575FEE4BB4DB9F /* [CP] Check Pods Manifest.lock */ = {
			isa = PBXShellScriptBuildPhase;
			buildActionMask = 2147483647;
			files = (
			);
			inputFileListPaths = (
			);
			inputPaths = (
				"${PODS_PODFILE_DIR_PATH}/Podfile.lock",
				"${PODS_ROOT}/Manifest.lock",
			);
			name = "[CP] Check Pods Manifest.lock";
			outputFileListPaths = (
			);
			outputPaths = (
				"$(DERIVED_FILE_DIR)/Pods-Pegadaian-PegadaianUITests-checkManifestLockResult.txt",
			);
			runOnlyForDeploymentPostprocessing = 0;
			shellPath = /bin/sh;
			shellScript = "diff \"${PODS_PODFILE_DIR_PATH}/Podfile.lock\" \"${PODS_ROOT}/Manifest.lock\" > /dev/null\nif [ $? != 0 ] ; then\n    # print error to STDERR\n    echo \"error: The sandbox is not in sync with the Podfile.lock. Run 'pod install' or update your CocoaPods installation.\" >&2\n    exit 1\nfi\n# This output is used by Xcode 'outputs' to avoid re-running this script phase.\necho \"SUCCESS\" > \"${SCRIPT_OUTPUT_FILE_0}\"\n";
			showEnvVarsInLog = 0;
		};
		9D359832A015FF76888BA5CA /* [CP] Check Pods Manifest.lock */ = {
			isa = PBXShellScriptBuildPhase;
			buildActionMask = 2147483647;
			files = (
			);
			inputFileListPaths = (
			);
			inputPaths = (
				"${PODS_PODFILE_DIR_PATH}/Podfile.lock",
				"${PODS_ROOT}/Manifest.lock",
			);
			name = "[CP] Check Pods Manifest.lock";
			outputFileListPaths = (
			);
			outputPaths = (
				"$(DERIVED_FILE_DIR)/Pods-Pegadaian-checkManifestLockResult.txt",
			);
			runOnlyForDeploymentPostprocessing = 0;
			shellPath = /bin/sh;
			shellScript = "diff \"${PODS_PODFILE_DIR_PATH}/Podfile.lock\" \"${PODS_ROOT}/Manifest.lock\" > /dev/null\nif [ $? != 0 ] ; then\n    # print error to STDERR\n    echo \"error: The sandbox is not in sync with the Podfile.lock. Run 'pod install' or update your CocoaPods installation.\" >&2\n    exit 1\nfi\n# This output is used by Xcode 'outputs' to avoid re-running this script phase.\necho \"SUCCESS\" > \"${SCRIPT_OUTPUT_FILE_0}\"\n";
			showEnvVarsInLog = 0;
		};
		A1FE56223DAF392E1D2FF9D0 /* [CP] Embed Pods Frameworks */ = {
			isa = PBXShellScriptBuildPhase;
			buildActionMask = 2147483647;
			files = (
			);
			inputFileListPaths = (
				"${PODS_ROOT}/Target Support Files/Pods-Pegadaian-PegadaianUITests/Pods-Pegadaian-PegadaianUITests-frameworks-${CONFIGURATION}-input-files.xcfilelist",
			);
			name = "[CP] Embed Pods Frameworks";
			outputFileListPaths = (
				"${PODS_ROOT}/Target Support Files/Pods-Pegadaian-PegadaianUITests/Pods-Pegadaian-PegadaianUITests-frameworks-${CONFIGURATION}-output-files.xcfilelist",
			);
			runOnlyForDeploymentPostprocessing = 0;
			shellPath = /bin/sh;
			shellScript = "\"${PODS_ROOT}/Target Support Files/Pods-Pegadaian-PegadaianUITests/Pods-Pegadaian-PegadaianUITests-frameworks.sh\"\n";
			showEnvVarsInLog = 0;
		};
		D68BFF05D6685631E9376A33 /* [CP] Embed Pods Frameworks */ = {
			isa = PBXShellScriptBuildPhase;
			buildActionMask = 2147483647;
			files = (
			);
			inputFileListPaths = (
				"${PODS_ROOT}/Target Support Files/Pods-Pegadaian/Pods-Pegadaian-frameworks-${CONFIGURATION}-input-files.xcfilelist",
			);
			name = "[CP] Embed Pods Frameworks";
			outputFileListPaths = (
				"${PODS_ROOT}/Target Support Files/Pods-Pegadaian/Pods-Pegadaian-frameworks-${CONFIGURATION}-output-files.xcfilelist",
			);
			runOnlyForDeploymentPostprocessing = 0;
			shellPath = /bin/sh;
			shellScript = "\"${PODS_ROOT}/Target Support Files/Pods-Pegadaian/Pods-Pegadaian-frameworks.sh\"\n";
			showEnvVarsInLog = 0;
		};
/* End PBXShellScriptBuildPhase section */

/* Begin PBXSourcesBuildPhase section */
		3C980BA82C6A55C10072A728 /* Sources */ = {
			isa = PBXSourcesBuildPhase;
			buildActionMask = 2147483647;
			files = (
				3C980BBA2C6A55C10072A728 /* Pegadaian.xcdatamodeld in Sources */,
				3C980BB42C6A55C10072A728 /* ViewController.swift in Sources */,
				3C646EFF2CA40CF4008840B4 /* LoginResponse.swift in Sources */,
				3C646EC62CA3A041008840B4 /* LoginInterfaces.swift in Sources */,
				3C646EC72CA3A041008840B4 /* LoginPresenter.swift in Sources */,
				3C646ED62CA3A0C0008840B4 /* ViewInterface.swift in Sources */,
				3C646EC82CA3A041008840B4 /* LoginViewController.swift in Sources */,
				3C646EF42CA3F848008840B4 /* PGSNetwork.swift in Sources */,
				3C646F0F2CA494EA008840B4 /* User.swift in Sources */,
				3C29D6DD2CA4A58D008AA0E9 /* PGSError.swift in Sources */,
				3C646EFC2CA40AED008840B4 /* EncodableExtensions.swift in Sources */,
				3C646EC92CA3A041008840B4 /* LoginInteractor.swift in Sources */,
				3C646ED32CA3A0C0008840B4 /* InteractorInterface.swift in Sources */,
				3C7AC7EA2CA51CF400D797A7 /* BaseViewController.swift in Sources */,
				3C646ECA2CA3A041008840B4 /* LoginWireframe.swift in Sources */,
				3C646EBB2CA2B646008840B4 /* CoreDataHelper.swift in Sources */,
				3C646EB82CA2B58E008840B4 /* Onboarding+CoreDataClass.swift in Sources */,
				3C646EB92CA2B58E008840B4 /* Onboarding+CoreDataProperties.swift in Sources */,
				3C646F082CA492BC008840B4 /* HomepageInterfaces.swift in Sources */,
				3C646F092CA492BC008840B4 /* HomepagePresenter.swift in Sources */,
				3C646F122CA4981E008840B4 /* PGSKeychain.swift in Sources */,
				3C646F0A2CA492BC008840B4 /* HomepageViewController.swift in Sources */,
				3C646F0B2CA492BC008840B4 /* HomepageInteractor.swift in Sources */,
				3C646F0C2CA492BC008840B4 /* HomepageWireframe.swift in Sources */,
				3C646EB22CA2A08F008840B4 /* OnboardingViewController.swift in Sources */,
				3C646EF92CA40A19008840B4 /* LoginParam.swift in Sources */,
				3C646ED42CA3A0C0008840B4 /* PresenterInterface.swift in Sources */,
				3C646EF62CA4091A008840B4 /* PGSAPI.swift in Sources */,
				3C646ED22CA3A0C0008840B4 /* BaseWireframe.swift in Sources */,
				3C646ED52CA3A0C0008840B4 /* UIStoryboardExtension.swift in Sources */,
				3C646EAF2CA265F5008840B4 /* TestAccessLevel.swift in Sources */,
				3C980BB02C6A55C10072A728 /* AppDelegate.swift in Sources */,
			);
			runOnlyForDeploymentPostprocessing = 0;
		};
		3C980BC12C6A55C30072A728 /* Sources */ = {
			isa = PBXSourcesBuildPhase;
			buildActionMask = 2147483647;
			files = (
				3C29D6DF2CA4C876008AA0E9 /* PegadaianLoginTests.swift in Sources */,
				3C980BCA2C6A55C30072A728 /* PegadaianTests.swift in Sources */,
				3C29D6E22CA4CA31008AA0E9 /* PegadaianLoginMockModule.swift in Sources */,
			);
			runOnlyForDeploymentPostprocessing = 0;
		};
		3C980BCB2C6A55C30072A728 /* Sources */ = {
			isa = PBXSourcesBuildPhase;
			buildActionMask = 2147483647;
			files = (
				3C980BD42C6A55C30072A728 /* PegadaianUITests.swift in Sources */,
				3C29D6E52CA4CE47008AA0E9 /* PegadaianLoginUITests.swift in Sources */,
				3C980BD62C6A55C30072A728 /* PegadaianUITestsLaunchTests.swift in Sources */,
			);
			runOnlyForDeploymentPostprocessing = 0;
		};
/* End PBXSourcesBuildPhase section */

/* Begin PBXTargetDependency section */
		3C980BC72C6A55C30072A728 /* PBXTargetDependency */ = {
			isa = PBXTargetDependency;
			target = 3C980BAB2C6A55C10072A728 /* Pegadaian */;
			targetProxy = 3C980BC62C6A55C30072A728 /* PBXContainerItemProxy */;
		};
		3C980BD12C6A55C30072A728 /* PBXTargetDependency */ = {
			isa = PBXTargetDependency;
			target = 3C980BAB2C6A55C10072A728 /* Pegadaian */;
			targetProxy = 3C980BD02C6A55C30072A728 /* PBXContainerItemProxy */;
		};
/* End PBXTargetDependency section */

/* Begin PBXVariantGroup section */
		3C980BBD2C6A55C30072A728 /* LaunchScreen.storyboard */ = {
			isa = PBXVariantGroup;
			children = (
				3C980BBE2C6A55C30072A728 /* Base */,
			);
			name = LaunchScreen.storyboard;
			sourceTree = "<group>";
		};
/* End PBXVariantGroup section */

/* Begin XCBuildConfiguration section */
		3C980BD72C6A55C30072A728 /* Debug */ = {
			isa = XCBuildConfiguration;
			buildSettings = {
				ALWAYS_SEARCH_USER_PATHS = NO;
				ASSETCATALOG_COMPILER_GENERATE_SWIFT_ASSET_SYMBOL_EXTENSIONS = YES;
				CLANG_ANALYZER_NONNULL = YES;
				CLANG_ANALYZER_NUMBER_OBJECT_CONVERSION = YES_AGGRESSIVE;
				CLANG_CXX_LANGUAGE_STANDARD = "gnu++20";
				CLANG_ENABLE_MODULES = YES;
				CLANG_ENABLE_OBJC_ARC = YES;
				CLANG_ENABLE_OBJC_WEAK = YES;
				CLANG_WARN_BLOCK_CAPTURE_AUTORELEASING = YES;
				CLANG_WARN_BOOL_CONVERSION = YES;
				CLANG_WARN_COMMA = YES;
				CLANG_WARN_CONSTANT_CONVERSION = YES;
				CLANG_WARN_DEPRECATED_OBJC_IMPLEMENTATIONS = YES;
				CLANG_WARN_DIRECT_OBJC_ISA_USAGE = YES_ERROR;
				CLANG_WARN_DOCUMENTATION_COMMENTS = YES;
				CLANG_WARN_EMPTY_BODY = YES;
				CLANG_WARN_ENUM_CONVERSION = YES;
				CLANG_WARN_INFINITE_RECURSION = YES;
				CLANG_WARN_INT_CONVERSION = YES;
				CLANG_WARN_NON_LITERAL_NULL_CONVERSION = YES;
				CLANG_WARN_OBJC_IMPLICIT_RETAIN_SELF = YES;
				CLANG_WARN_OBJC_LITERAL_CONVERSION = YES;
				CLANG_WARN_OBJC_ROOT_CLASS = YES_ERROR;
				CLANG_WARN_QUOTED_INCLUDE_IN_FRAMEWORK_HEADER = YES;
				CLANG_WARN_RANGE_LOOP_ANALYSIS = YES;
				CLANG_WARN_STRICT_PROTOTYPES = YES;
				CLANG_WARN_SUSPICIOUS_MOVE = YES;
				CLANG_WARN_UNGUARDED_AVAILABILITY = YES_AGGRESSIVE;
				CLANG_WARN_UNREACHABLE_CODE = YES;
				CLANG_WARN__DUPLICATE_METHOD_MATCH = YES;
				COPY_PHASE_STRIP = NO;
				DEBUG_INFORMATION_FORMAT = dwarf;
				ENABLE_STRICT_OBJC_MSGSEND = YES;
				ENABLE_TESTABILITY = YES;
				ENABLE_USER_SCRIPT_SANDBOXING = YES;
				GCC_C_LANGUAGE_STANDARD = gnu17;
				GCC_DYNAMIC_NO_PIC = NO;
				GCC_NO_COMMON_BLOCKS = YES;
				GCC_OPTIMIZATION_LEVEL = 0;
				GCC_PREPROCESSOR_DEFINITIONS = (
					"DEBUG=1",
					"$(inherited)",
				);
				GCC_WARN_64_TO_32_BIT_CONVERSION = YES;
				GCC_WARN_ABOUT_RETURN_TYPE = YES_ERROR;
				GCC_WARN_UNDECLARED_SELECTOR = YES;
				GCC_WARN_UNINITIALIZED_AUTOS = YES_AGGRESSIVE;
				GCC_WARN_UNUSED_FUNCTION = YES;
				GCC_WARN_UNUSED_VARIABLE = YES;
				IPHONEOS_DEPLOYMENT_TARGET = 17.5;
				LOCALIZATION_PREFERS_STRING_CATALOGS = YES;
				MTL_ENABLE_DEBUG_INFO = INCLUDE_SOURCE;
				MTL_FAST_MATH = YES;
				ONLY_ACTIVE_ARCH = YES;
				SDKROOT = iphoneos;
				SWIFT_ACTIVE_COMPILATION_CONDITIONS = "DEBUG $(inherited)";
				SWIFT_OPTIMIZATION_LEVEL = "-Onone";
			};
			name = Debug;
		};
		3C980BD82C6A55C30072A728 /* Release */ = {
			isa = XCBuildConfiguration;
			buildSettings = {
				ALWAYS_SEARCH_USER_PATHS = NO;
				ASSETCATALOG_COMPILER_GENERATE_SWIFT_ASSET_SYMBOL_EXTENSIONS = YES;
				CLANG_ANALYZER_NONNULL = YES;
				CLANG_ANALYZER_NUMBER_OBJECT_CONVERSION = YES_AGGRESSIVE;
				CLANG_CXX_LANGUAGE_STANDARD = "gnu++20";
				CLANG_ENABLE_MODULES = YES;
				CLANG_ENABLE_OBJC_ARC = YES;
				CLANG_ENABLE_OBJC_WEAK = YES;
				CLANG_WARN_BLOCK_CAPTURE_AUTORELEASING = YES;
				CLANG_WARN_BOOL_CONVERSION = YES;
				CLANG_WARN_COMMA = YES;
				CLANG_WARN_CONSTANT_CONVERSION = YES;
				CLANG_WARN_DEPRECATED_OBJC_IMPLEMENTATIONS = YES;
				CLANG_WARN_DIRECT_OBJC_ISA_USAGE = YES_ERROR;
				CLANG_WARN_DOCUMENTATION_COMMENTS = YES;
				CLANG_WARN_EMPTY_BODY = YES;
				CLANG_WARN_ENUM_CONVERSION = YES;
				CLANG_WARN_INFINITE_RECURSION = YES;
				CLANG_WARN_INT_CONVERSION = YES;
				CLANG_WARN_NON_LITERAL_NULL_CONVERSION = YES;
				CLANG_WARN_OBJC_IMPLICIT_RETAIN_SELF = YES;
				CLANG_WARN_OBJC_LITERAL_CONVERSION = YES;
				CLANG_WARN_OBJC_ROOT_CLASS = YES_ERROR;
				CLANG_WARN_QUOTED_INCLUDE_IN_FRAMEWORK_HEADER = YES;
				CLANG_WARN_RANGE_LOOP_ANALYSIS = YES;
				CLANG_WARN_STRICT_PROTOTYPES = YES;
				CLANG_WARN_SUSPICIOUS_MOVE = YES;
				CLANG_WARN_UNGUARDED_AVAILABILITY = YES_AGGRESSIVE;
				CLANG_WARN_UNREACHABLE_CODE = YES;
				CLANG_WARN__DUPLICATE_METHOD_MATCH = YES;
				COPY_PHASE_STRIP = NO;
				DEBUG_INFORMATION_FORMAT = "dwarf-with-dsym";
				ENABLE_NS_ASSERTIONS = NO;
				ENABLE_STRICT_OBJC_MSGSEND = YES;
				ENABLE_USER_SCRIPT_SANDBOXING = YES;
				GCC_C_LANGUAGE_STANDARD = gnu17;
				GCC_NO_COMMON_BLOCKS = YES;
				GCC_WARN_64_TO_32_BIT_CONVERSION = YES;
				GCC_WARN_ABOUT_RETURN_TYPE = YES_ERROR;
				GCC_WARN_UNDECLARED_SELECTOR = YES;
				GCC_WARN_UNINITIALIZED_AUTOS = YES_AGGRESSIVE;
				GCC_WARN_UNUSED_FUNCTION = YES;
				GCC_WARN_UNUSED_VARIABLE = YES;
				IPHONEOS_DEPLOYMENT_TARGET = 17.5;
				LOCALIZATION_PREFERS_STRING_CATALOGS = YES;
				MTL_ENABLE_DEBUG_INFO = NO;
				MTL_FAST_MATH = YES;
				SDKROOT = iphoneos;
				SWIFT_COMPILATION_MODE = wholemodule;
				VALIDATE_PRODUCT = YES;
			};
			name = Release;
		};
		3C980BDA2C6A55C30072A728 /* Debug */ = {
			isa = XCBuildConfiguration;
			baseConfigurationReference = D3A6CD15009D60231776F02C /* Pods-Pegadaian.debug.xcconfig */;
			buildSettings = {
				ASSETCATALOG_COMPILER_APPICON_NAME = AppIcon;
				ASSETCATALOG_COMPILER_GLOBAL_ACCENT_COLOR_NAME = AccentColor;
				CODE_SIGN_STYLE = Automatic;
				CURRENT_PROJECT_VERSION = 1;
				DEVELOPMENT_TEAM = V3NKC5FJ4J;
				ENABLE_USER_SCRIPT_SANDBOXING = NO;
				GENERATE_INFOPLIST_FILE = YES;
				INFOPLIST_FILE = Pegadaian/SupportingFiles/Info.plist;
				INFOPLIST_KEY_LSApplicationCategoryType = "public.app-category.finance";
				INFOPLIST_KEY_UIApplicationSupportsIndirectInputEvents = YES;
				INFOPLIST_KEY_UILaunchStoryboardName = LaunchScreen;
				INFOPLIST_KEY_UISupportedInterfaceOrientations_iPad = "UIInterfaceOrientationPortrait UIInterfaceOrientationPortraitUpsideDown UIInterfaceOrientationLandscapeLeft UIInterfaceOrientationLandscapeRight";
				INFOPLIST_KEY_UISupportedInterfaceOrientations_iPhone = "UIInterfaceOrientationPortrait UIInterfaceOrientationLandscapeLeft UIInterfaceOrientationLandscapeRight";
				LD_RUNPATH_SEARCH_PATHS = (
					"$(inherited)",
					"@executable_path/Frameworks",
				);
				MARKETING_VERSION = 1.0;
				PRODUCT_BUNDLE_IDENTIFIER = com.azharfajrians.Pegadaian;
				PRODUCT_NAME = "$(TARGET_NAME)";
				SUPPORTED_PLATFORMS = "iphoneos iphonesimulator";
				SUPPORTS_MACCATALYST = NO;
				SUPPORTS_MAC_DESIGNED_FOR_IPHONE_IPAD = NO;
				SUPPORTS_XR_DESIGNED_FOR_IPHONE_IPAD = NO;
				SWIFT_EMIT_LOC_STRINGS = YES;
				SWIFT_VERSION = 5.0;
				TARGETED_DEVICE_FAMILY = 1;
			};
			name = Debug;
		};
		3C980BDB2C6A55C30072A728 /* Release */ = {
			isa = XCBuildConfiguration;
			baseConfigurationReference = 2C18F2E41966A4544E114F33 /* Pods-Pegadaian.release.xcconfig */;
			buildSettings = {
				ASSETCATALOG_COMPILER_APPICON_NAME = AppIcon;
				ASSETCATALOG_COMPILER_GLOBAL_ACCENT_COLOR_NAME = AccentColor;
				CODE_SIGN_STYLE = Automatic;
				CURRENT_PROJECT_VERSION = 1;
				DEVELOPMENT_TEAM = V3NKC5FJ4J;
				ENABLE_USER_SCRIPT_SANDBOXING = NO;
				GENERATE_INFOPLIST_FILE = YES;
				INFOPLIST_FILE = Pegadaian/SupportingFiles/Info.plist;
				INFOPLIST_KEY_LSApplicationCategoryType = "public.app-category.finance";
				INFOPLIST_KEY_UIApplicationSupportsIndirectInputEvents = YES;
				INFOPLIST_KEY_UILaunchStoryboardName = LaunchScreen;
				INFOPLIST_KEY_UISupportedInterfaceOrientations_iPad = "UIInterfaceOrientationPortrait UIInterfaceOrientationPortraitUpsideDown UIInterfaceOrientationLandscapeLeft UIInterfaceOrientationLandscapeRight";
				INFOPLIST_KEY_UISupportedInterfaceOrientations_iPhone = "UIInterfaceOrientationPortrait UIInterfaceOrientationLandscapeLeft UIInterfaceOrientationLandscapeRight";
				LD_RUNPATH_SEARCH_PATHS = (
					"$(inherited)",
					"@executable_path/Frameworks",
				);
				MARKETING_VERSION = 1.0;
				PRODUCT_BUNDLE_IDENTIFIER = com.azharfajrians.Pegadaian;
				PRODUCT_NAME = "$(TARGET_NAME)";
				SUPPORTED_PLATFORMS = "iphoneos iphonesimulator";
				SUPPORTS_MACCATALYST = NO;
				SUPPORTS_MAC_DESIGNED_FOR_IPHONE_IPAD = NO;
				SUPPORTS_XR_DESIGNED_FOR_IPHONE_IPAD = NO;
				SWIFT_EMIT_LOC_STRINGS = YES;
				SWIFT_VERSION = 5.0;
				TARGETED_DEVICE_FAMILY = 1;
			};
			name = Release;
		};
		3C980BDD2C6A55C30072A728 /* Debug */ = {
			isa = XCBuildConfiguration;
			baseConfigurationReference = 35269EB127BB442C367CF64B /* Pods-PegadaianTests.debug.xcconfig */;
			buildSettings = {
				ALWAYS_EMBED_SWIFT_STANDARD_LIBRARIES = YES;
				BUNDLE_LOADER = "$(TEST_HOST)";
				CODE_SIGN_STYLE = Automatic;
				CURRENT_PROJECT_VERSION = 1;
				DEVELOPMENT_TEAM = V3NKC5FJ4J;
				ENABLE_USER_SCRIPT_SANDBOXING = NO;
				GENERATE_INFOPLIST_FILE = YES;
				IPHONEOS_DEPLOYMENT_TARGET = 17.5;
				MARKETING_VERSION = 1.0;
				PRODUCT_BUNDLE_IDENTIFIER = com.azharfajrians.PegadaianTests;
				PRODUCT_NAME = "$(TARGET_NAME)";
				SWIFT_EMIT_LOC_STRINGS = NO;
				SWIFT_VERSION = 5.0;
				TARGETED_DEVICE_FAMILY = "1,2";
				TEST_HOST = "$(BUILT_PRODUCTS_DIR)/Pegadaian.app/$(BUNDLE_EXECUTABLE_FOLDER_PATH)/Pegadaian";
			};
			name = Debug;
		};
		3C980BDE2C6A55C30072A728 /* Release */ = {
			isa = XCBuildConfiguration;
			baseConfigurationReference = D3021D862F39F4D0A1BDA838 /* Pods-PegadaianTests.release.xcconfig */;
			buildSettings = {
				ALWAYS_EMBED_SWIFT_STANDARD_LIBRARIES = YES;
				BUNDLE_LOADER = "$(TEST_HOST)";
				CODE_SIGN_STYLE = Automatic;
				CURRENT_PROJECT_VERSION = 1;
				DEVELOPMENT_TEAM = V3NKC5FJ4J;
				ENABLE_USER_SCRIPT_SANDBOXING = NO;
				GENERATE_INFOPLIST_FILE = YES;
				IPHONEOS_DEPLOYMENT_TARGET = 17.5;
				MARKETING_VERSION = 1.0;
				PRODUCT_BUNDLE_IDENTIFIER = com.azharfajrians.PegadaianTests;
				PRODUCT_NAME = "$(TARGET_NAME)";
				SWIFT_EMIT_LOC_STRINGS = NO;
				SWIFT_VERSION = 5.0;
				TARGETED_DEVICE_FAMILY = "1,2";
				TEST_HOST = "$(BUILT_PRODUCTS_DIR)/Pegadaian.app/$(BUNDLE_EXECUTABLE_FOLDER_PATH)/Pegadaian";
			};
			name = Release;
		};
		3C980BE02C6A55C30072A728 /* Debug */ = {
			isa = XCBuildConfiguration;
			baseConfigurationReference = 02E7F68D07349C2EBD899CE4 /* Pods-Pegadaian-PegadaianUITests.debug.xcconfig */;
			buildSettings = {
				ALWAYS_EMBED_SWIFT_STANDARD_LIBRARIES = YES;
				CODE_SIGN_STYLE = Automatic;
				CURRENT_PROJECT_VERSION = 1;
				DEVELOPMENT_TEAM = V3NKC5FJ4J;
				ENABLE_USER_SCRIPT_SANDBOXING = NO;
				GENERATE_INFOPLIST_FILE = YES;
				MARKETING_VERSION = 1.0;
				PRODUCT_BUNDLE_IDENTIFIER = com.azharfajrians.PegadaianUITests;
				PRODUCT_NAME = "$(TARGET_NAME)";
				SWIFT_EMIT_LOC_STRINGS = NO;
				SWIFT_VERSION = 5.0;
				TARGETED_DEVICE_FAMILY = "1,2";
				TEST_TARGET_NAME = Pegadaian;
			};
			name = Debug;
		};
		3C980BE12C6A55C30072A728 /* Release */ = {
			isa = XCBuildConfiguration;
			baseConfigurationReference = 46D2888AA8181061EBCE9EC5 /* Pods-Pegadaian-PegadaianUITests.release.xcconfig */;
			buildSettings = {
				ALWAYS_EMBED_SWIFT_STANDARD_LIBRARIES = YES;
				CODE_SIGN_STYLE = Automatic;
				CURRENT_PROJECT_VERSION = 1;
				DEVELOPMENT_TEAM = V3NKC5FJ4J;
				ENABLE_USER_SCRIPT_SANDBOXING = NO;
				GENERATE_INFOPLIST_FILE = YES;
				MARKETING_VERSION = 1.0;
				PRODUCT_BUNDLE_IDENTIFIER = com.azharfajrians.PegadaianUITests;
				PRODUCT_NAME = "$(TARGET_NAME)";
				SWIFT_EMIT_LOC_STRINGS = NO;
				SWIFT_VERSION = 5.0;
				TARGETED_DEVICE_FAMILY = "1,2";
				TEST_TARGET_NAME = Pegadaian;
			};
			name = Release;
		};
/* End XCBuildConfiguration section */

/* Begin XCConfigurationList section */
		3C980BA72C6A55C10072A728 /* Build configuration list for PBXProject "Pegadaian" */ = {
			isa = XCConfigurationList;
			buildConfigurations = (
				3C980BD72C6A55C30072A728 /* Debug */,
				3C980BD82C6A55C30072A728 /* Release */,
			);
			defaultConfigurationIsVisible = 0;
			defaultConfigurationName = Release;
		};
		3C980BD92C6A55C30072A728 /* Build configuration list for PBXNativeTarget "Pegadaian" */ = {
			isa = XCConfigurationList;
			buildConfigurations = (
				3C980BDA2C6A55C30072A728 /* Debug */,
				3C980BDB2C6A55C30072A728 /* Release */,
			);
			defaultConfigurationIsVisible = 0;
			defaultConfigurationName = Release;
		};
		3C980BDC2C6A55C30072A728 /* Build configuration list for PBXNativeTarget "PegadaianTests" */ = {
			isa = XCConfigurationList;
			buildConfigurations = (
				3C980BDD2C6A55C30072A728 /* Debug */,
				3C980BDE2C6A55C30072A728 /* Release */,
			);
			defaultConfigurationIsVisible = 0;
			defaultConfigurationName = Release;
		};
		3C980BDF2C6A55C30072A728 /* Build configuration list for PBXNativeTarget "PegadaianUITests" */ = {
			isa = XCConfigurationList;
			buildConfigurations = (
				3C980BE02C6A55C30072A728 /* Debug */,
				3C980BE12C6A55C30072A728 /* Release */,
			);
			defaultConfigurationIsVisible = 0;
			defaultConfigurationName = Release;
		};
/* End XCConfigurationList section */

/* Begin XCVersionGroup section */
		3C980BB82C6A55C10072A728 /* Pegadaian.xcdatamodeld */ = {
			isa = XCVersionGroup;
			children = (
				3C980BB92C6A55C10072A728 /* Pegadaian.xcdatamodel */,
			);
			currentVersion = 3C980BB92C6A55C10072A728 /* Pegadaian.xcdatamodel */;
			path = Pegadaian.xcdatamodeld;
			sourceTree = "<group>";
			versionGroupType = wrapper.xcdatamodel;
		};
/* End XCVersionGroup section */
	};
	rootObject = 3C980BA42C6A55C10072A728 /* Project object */;
}
